
Microsoft Visual Studio Solution File, Format Version 12.00
# Visual Studio 2012
Project("{FAE04EC0-301F-11D3-BF4B-00C04F79EFBC}") = "NuCheck", "NuCheck\NuCheck.csproj", "{E7766277-3776-48ED-B2B5-05C0599529A6}"
EndProject
Project("{FAE04EC0-301F-11D3-BF4B-00C04F79EFBC}") = "NuCheck.Tests", "NuCheck.Tests\NuCheck.Tests.csproj", "{4F89B647-3BC3-4331-A85F-36F51DAA3699}"
EndProject
Project("{2150E333-8FDC-42A3-9474-1A3956D46DE8}") = ".nuget", ".nuget", "{86D7E5C7-E565-496B-9ADA-A73E6EA55CBB}"
	ProjectSection(SolutionItems) = preProject
		.nuget\NuGet.Config = .nuget\NuGet.Config
		.nuget\NuGet.exe = .nuget\NuGet.exe
		.nuget\NuGet.targets = .nuget\NuGet.targets
	EndProjectSection
EndProject
Project("{2150E333-8FDC-42A3-9474-1A3956D46DE8}") = ".build", ".build", "{21F21F4A-55C6-4518-B11A-A40A77AA9384}"
	ProjectSection(SolutionItems) = preProject
		build.cmd = build.cmd
		build.proj = build.proj
		.build\xunit.runner.msbuild.dll = .build\xunit.runner.msbuild.dll
		.build\xunit.runner.utility.dll = .build\xunit.runner.utility.dll
	EndProjectSection
EndProject
Global
	GlobalSection(SolutionConfigurationPlatforms) = preSolution
		Debug|Any CPU = Debug|Any CPU
		Release|Any CPU = Release|Any CPU
	EndGlobalSection
	GlobalSection(ProjectConfigurationPlatforms) = postSolution
		{E7766277-3776-48ED-B2B5-05C0599529A6}.Debug|Any CPU.ActiveCfg = Debug|Any CPU
		{E7766277-3776-48ED-B2B5-05C0599529A6}.Debug|Any CPU.Build.0 = Debug|Any CPU
		{E7766277-3776-48ED-B2B5-05C0599529A6}.Release|Any CPU.ActiveCfg = Release|Any CPU
		{E7766277-3776-48ED-B2B5-05C0599529A6}.Release|Any CPU.Build.0 = Release|Any CPU
		{4F89B647-3BC3-4331-A85F-36F51DAA3699}.Debug|Any CPU.ActiveCfg = Debug|Any CPU
		{4F89B647-3BC3-4331-A85F-36F51DAA3699}.Debug|Any CPU.Build.0 = Debug|Any CPU
		{4F89B647-3BC3-4331-A85F-36F51DAA3699}.Release|Any CPU.ActiveCfg = Release|Any CPU
		{4F89B647-3BC3-4331-A85F-36F51DAA3699}.Release|Any CPU.Build.0 = Release|Any CPU
	EndGlobalSection
	GlobalSection(SolutionProperties) = preSolution
		HideSolutionNode = FALSE
	EndGlobalSection
EndGlobal
